
Microsoft Visual Studio Solution File, Format Version 12.00
# Visual Studio Version 17
VisualStudioVersion = 17.7.34009.444
MinimumVisualStudioVersion = 10.0.40219.1
Project("{9A19103F-16F7-4668-BE54-9A1E7A4F7556}") = "ECommerce.Api.Customers", "ECommerce.Api.Customers\ECommerce.Api.Customers.csproj", "{EF280C2A-9DEB-470D-B0E4-33F661996DE1}"
EndProject
Project("{9A19103F-16F7-4668-BE54-9A1E7A4F7556}") = "ECommerce.Api.Products", "ECommerce.Api.Products\ECommerce.Api.Products.csproj", "{A669CAB9-9398-46AC-8BD0-948424DF9116}"
EndProject
Project("{9A19103F-16F7-4668-BE54-9A1E7A4F7556}") = "ECommerce.Api.Orders", "ECommerce.Api.Orders\ECommerce.Api.Orders.csproj", "{81919439-4896-488B-BADF-43FFBFBEBA37}"
EndProject
Project("{9A19103F-16F7-4668-BE54-9A1E7A4F7556}") = "ECommerce.Api.Search", "ECommerce.Api.Search\ECommerce.Api.Search.csproj", "{13C25A88-34EE-4ECD-B369-18B878BBF660}"
EndProject
Project("{9A19103F-16F7-4668-BE54-9A1E7A4F7556}") = "ECommerce.Api.Products.Tests", "ECommerce.Api.Products.Tests\ECommerce.Api.Products.Tests.csproj", "{515CF00E-4242-436F-8600-A7C37F8EEB88}"
EndProject
Project("{E53339B2-1760-4266-BCC7-CA923CBCF16C}") = "docker-compose", "docker-compose.dcproj", "{4C3B29D4-56A7-4F92-80E5-C5ABBE60D2F9}"
EndProject
Global
	GlobalSection(SolutionConfigurationPlatforms) = preSolution
		Debug|Any CPU = Debug|Any CPU
		Release|Any CPU = Release|Any CPU
	EndGlobalSection
	GlobalSection(ProjectConfigurationPlatforms) = postSolution
		{EF280C2A-9DEB-470D-B0E4-33F661996DE1}.Debug|Any CPU.ActiveCfg = Debug|Any CPU
		{EF280C2A-9DEB-470D-B0E4-33F661996DE1}.Debug|Any CPU.Build.0 = Debug|Any CPU
		{EF280C2A-9DEB-470D-B0E4-33F661996DE1}.Release|Any CPU.ActiveCfg = Release|Any CPU
		{EF280C2A-9DEB-470D-B0E4-33F661996DE1}.Release|Any CPU.Build.0 = Release|Any CPU
		{A669CAB9-9398-46AC-8BD0-948424DF9116}.Debug|Any CPU.ActiveCfg = Debug|Any CPU
		{A669CAB9-9398-46AC-8BD0-948424DF9116}.Debug|Any CPU.Build.0 = Debug|Any CPU
		{A669CAB9-9398-46AC-8BD0-948424DF9116}.Release|Any CPU.ActiveCfg = Release|Any CPU
		{A669CAB9-9398-46AC-8BD0-948424DF9116}.Release|Any CPU.Build.0 = Release|Any CPU
		{81919439-4896-488B-BADF-43FFBFBEBA37}.Debug|Any CPU.ActiveCfg = Debug|Any CPU
		{81919439-4896-488B-BADF-43FFBFBEBA37}.Debug|Any CPU.Build.0 = Debug|Any CPU
		{81919439-4896-488B-BADF-43FFBFBEBA37}.Release|Any CPU.ActiveCfg = Release|Any CPU
		{81919439-4896-488B-BADF-43FFBFBEBA37}.Release|Any CPU.Build.0 = Release|Any CPU
		{13C25A88-34EE-4ECD-B369-18B878BBF660}.Debug|Any CPU.ActiveCfg = Debug|Any CPU
		{13C25A88-34EE-4ECD-B369-18B878BBF660}.Debug|Any CPU.Build.0 = Debug|Any CPU
		{13C25A88-34EE-4ECD-B369-18B878BBF660}.Release|Any CPU.ActiveCfg = Release|Any CPU
		{13C25A88-34EE-4ECD-B369-18B878BBF660}.Release|Any CPU.Build.0 = Release|Any CPU
		{515CF00E-4242-436F-8600-A7C37F8EEB88}.Debug|Any CPU.ActiveCfg = Debug|Any CPU
		{515CF00E-4242-436F-8600-A7C37F8EEB88}.Debug|Any CPU.Build.0 = Debug|Any CPU
		{515CF00E-4242-436F-8600-A7C37F8EEB88}.Release|Any CPU.ActiveCfg = Release|Any CPU
		{515CF00E-4242-436F-8600-A7C37F8EEB88}.Release|Any CPU.Build.0 = Release|Any CPU
		{4C3B29D4-56A7-4F92-80E5-C5ABBE60D2F9}.Debug|Any CPU.ActiveCfg = Debug|Any CPU
		{4C3B29D4-56A7-4F92-80E5-C5ABBE60D2F9}.Debug|Any CPU.Build.0 = Debug|Any CPU
		{4C3B29D4-56A7-4F92-80E5-C5ABBE60D2F9}.Release|Any CPU.ActiveCfg = Release|Any CPU
		{4C3B29D4-56A7-4F92-80E5-C5ABBE60D2F9}.Release|Any CPU.Build.0 = Release|Any CPU
	EndGlobalSection
	GlobalSection(SolutionProperties) = preSolution
		HideSolutionNode = FALSE
	EndGlobalSection
	GlobalSection(ExtensibilityGlobals) = postSolution
		SolutionGuid = {548ADC26-E3B0-4B08-AB11-89C7B2D10424}
	EndGlobalSection
EndGlobal
